PODS:
  - Flutter (1.0.0)
  - ObjectBox (1.6.0)
  - objectbox_flutter_libs (0.0.1):
    - Flutter
    - ObjectBox (= 1.6.0)
  - path_provider (0.0.1):
    - Flutter

DEPENDENCIES:
  - Flutter (from `Flutter`)
  - objectbox_flutter_libs (from `.symlinks/plugins/objectbox_flutter_libs/ios`)
  - path_provider (from `.symlinks/plugins/path_provider/ios`)

SPEC REPOS:
  trunk:
    - ObjectBox

EXTERNAL SOURCES:
  Flutter:
    :path: Flutter
  objectbox_flutter_libs:
    :path: ".symlinks/plugins/objectbox_flutter_libs/ios"
  path_provider:
    :path: ".symlinks/plugins/path_provider/ios"

SPEC CHECKSUMS:
  Flutter: 50d75fe2f02b26cc09d224853bb45737f8b3214a
  ObjectBox: a181cc5fb47e0a6ec60754d34dc49f40dc17829e
  objectbox_flutter_libs: 511c59b863bc45abc7f6f338499e4a50e9aa5f1d
  path_provider: d1e9807085df1f9cc9318206cd649dc0b76be3de

PODFILE CHECKSUM: aafe91acc616949ddb318b77800a7f51bffa2a4c

COCOAPODS: 1.11.2
